// !$*UTF8*$!
{
	archiveVersion = 1;
	classes = {
	};
	objectVersion = 56;
	objects = {

/* Begin PBXBuildFile section */
		8F45A1942B560BCE00BE1C43 /* AppDelegate.swift in Sources */ = {isa = PBXBuildFile; fileRef = 8F45A1932B560BCE00BE1C43 /* AppDelegate.swift */; };
		8F45A1962B560BCE00BE1C43 /* SceneDelegate.swift in Sources */ = {isa = PBXBuildFile; fileRef = 8F45A1952B560BCE00BE1C43 /* SceneDelegate.swift */; };
		8F45A1982B560BCE00BE1C43 /* ViewController.swift in Sources */ = {isa = PBXBuildFile; fileRef = 8F45A1972B560BCE00BE1C43 /* ViewController.swift */; };
		8F45A19B2B560BCE00BE1C43 /* Main.storyboard in Resources */ = {isa = PBXBuildFile; fileRef = 8F45A1992B560BCE00BE1C43 /* Main.storyboard */; };
		8F45A19D2B560BCF00BE1C43 /* Assets.xcassets in Resources */ = {isa = PBXBuildFile; fileRef = 8F45A19C2B560BCF00BE1C43 /* Assets.xcassets */; };
		8F45A1A02B560BCF00BE1C43 /* LaunchScreen.storyboard in Resources */ = {isa = PBXBuildFile; fileRef = 8F45A19E2B560BCF00BE1C43 /* LaunchScreen.storyboard */; };
		8F45A1AB2B560BCF00BE1C43 /* CameraPhotoLibraryTests.swift in Sources */ = {isa = PBXBuildFile; fileRef = 8F45A1AA2B560BCF00BE1C43 /* CameraPhotoLibraryTests.swift */; };
		8F45A1B52B560BCF00BE1C43 /* CameraPhotoLibraryUITests.swift in Sources */ = {isa = PBXBuildFile; fileRef = 8F45A1B42B560BCF00BE1C43 /* CameraPhotoLibraryUITests.swift */; };
		8F45A1B72B560BCF00BE1C43 /* CameraPhotoLibraryUITestsLaunchTests.swift in Sources */ = {isa = PBXBuildFile; fileRef = 8F45A1B62B560BCF00BE1C43 /* CameraPhotoLibraryUITestsLaunchTests.swift */; };
/* End PBXBuildFile section */

/* Begin PBXContainerItemProxy section */
		8F45A1A72B560BCF00BE1C43 /* PBXContainerItemProxy */ = {
			isa = PBXContainerItemProxy;
			containerPortal = 8F45A1882B560BCE00BE1C43 /* Project object */;
			proxyType = 1;
			remoteGlobalIDString = 8F45A18F2B560BCE00BE1C43;
			remoteInfo = CameraPhotoLibrary;
		};
		8F45A1B12B560BCF00BE1C43 /* PBXContainerItemProxy */ = {
			isa = PBXContainerItemProxy;
			containerPortal = 8F45A1882B560BCE00BE1C43 /* Project object */;
			proxyType = 1;
			remoteGlobalIDString = 8F45A18F2B560BCE00BE1C43;
			remoteInfo = CameraPhotoLibrary;
		};
/* End PBXContainerItemProxy section */

/* Begin PBXFileReference section */
		8F45A1902B560BCE00BE1C43 /* CameraPhotoLibrary.app */ = {isa = PBXFileReference; explicitFileType = wrapper.application; includeInIndex = 0; path = CameraPhotoLibrary.app; sourceTree = BUILT_PRODUCTS_DIR; };
		8F45A1932B560BCE00BE1C43 /* AppDelegate.swift */ = {isa = PBXFileReference; lastKnownFileType = sourcecode.swift; path = AppDelegate.swift; sourceTree = "<group>"; };
		8F45A1952B560BCE00BE1C43 /* SceneDelegate.swift */ = {isa = PBXFileReference; lastKnownFileType = sourcecode.swift; path = SceneDelegate.swift; sourceTree = "<group>"; };
		8F45A1972B560BCE00BE1C43 /* ViewController.swift */ = {isa = PBXFileReference; lastKnownFileType = sourcecode.swift; path = ViewController.swift; sourceTree = "<group>"; };
		8F45A19A2B560BCE00BE1C43 /* Base */ = {isa = PBXFileReference; lastKnownFileType = file.storyboard; name = Base; path = Base.lproj/Main.storyboard; sourceTree = "<group>"; };
		8F45A19C2B560BCF00BE1C43 /* Assets.xcassets */ = {isa = PBXFileReference; lastKnownFileType = folder.assetcatalog; path = Assets.xcassets; sourceTree = "<group>"; };
		8F45A19F2B560BCF00BE1C43 /* Base */ = {isa = PBXFileReference; lastKnownFileType = file.storyboard; name = Base; path = Base.lproj/LaunchScreen.storyboard; sourceTree = "<group>"; };
		8F45A1A12B560BCF00BE1C43 /* Info.plist */ = {isa = PBXFileReference; lastKnownFileType = text.plist.xml; path = Info.plist; sourceTree = "<group>"; };
		8F45A1A62B560BCF00BE1C43 /* CameraPhotoLibraryTests.xctest */ = {isa = PBXFileReference; explicitFileType = wrapper.cfbundle; includeInIndex = 0; path = CameraPhotoLibraryTests.xctest; sourceTree = BUILT_PRODUCTS_DIR; };
		8F45A1AA2B560BCF00BE1C43 /* CameraPhotoLibraryTests.swift */ = {isa = PBXFileReference; lastKnownFileType = sourcecode.swift; path = CameraPhotoLibraryTests.swift; sourceTree = "<group>"; };
		8F45A1B02B560BCF00BE1C43 /* CameraPhotoLibraryUITests.xctest */ = {isa = PBXFileReference; explicitFileType = wrapper.cfbundle; includeInIndex = 0; path = CameraPhotoLibraryUITests.xctest; sourceTree = BUILT_PRODUCTS_DIR; };
		8F45A1B42B560BCF00BE1C43 /* CameraPhotoLibraryUITests.swift */ = {isa = PBXFileReference; lastKnownFileType = sourcecode.swift; path = CameraPhotoLibraryUITests.swift; sourceTree = "<group>"; };
		8F45A1B62B560BCF00BE1C43 /* CameraPhotoLibraryUITestsLaunchTests.swift */ = {isa = PBXFileReference; lastKnownFileType = sourcecode.swift; path = CameraPhotoLibraryUITestsLaunchTests.swift; sourceTree = "<group>"; };
/* End PBXFileReference section */

/* Begin PBXFrameworksBuildPhase section */
		8F45A18D2B560BCE00BE1C43 /* Frameworks */ = {
			isa = PBXFrameworksBuildPhase;
			buildActionMask = 2147483647;
			files = (
			);
			runOnlyForDeploymentPostprocessing = 0;
		};
		8F45A1A32B560BCF00BE1C43 /* Frameworks */ = {
			isa = PBXFrameworksBuildPhase;
			buildActionMask = 2147483647;
			files = (
			);
			runOnlyForDeploymentPostprocessing = 0;
		};
		8F45A1AD2B560BCF00BE1C43 /* Frameworks */ = {
			isa = PBXFrameworksBuildPhase;
			buildActionMask = 2147483647;
			files = (
			);
			runOnlyForDeploymentPostprocessing = 0;
		};
/* End PBXFrameworksBuildPhase section */

/* Begin PBXGroup section */
		8F45A1872B560BCE00BE1C43 = {
			isa = PBXGroup;
			children = (
				8F45A1922B560BCE00BE1C43 /* CameraPhotoLibrary */,
				8F45A1A92B560BCF00BE1C43 /* CameraPhotoLibraryTests */,
				8F45A1B32B560BCF00BE1C43 /* CameraPhotoLibraryUITests */,
				8F45A1912B560BCE00BE1C43 /* Products */,
			);
			sourceTree = "<group>";
		};
		8F45A1912B560BCE00BE1C43 /* Products */ = {
			isa = PBXGroup;
			children = (
				8F45A1902B560BCE00BE1C43 /* CameraPhotoLibrary.app */,
				8F45A1A62B560BCF00BE1C43 /* CameraPhotoLibraryTests.xctest */,
				8F45A1B02B560BCF00BE1C43 /* CameraPhotoLibraryUITests.xctest */,
			);
			name = Products;
			sourceTree = "<group>";
		};
		8F45A1922B560BCE00BE1C43 /* CameraPhotoLibrary */ = {
			isa = PBXGroup;
			children = (
				8F45A1932B560BCE00BE1C43 /* AppDelegate.swift */,
				8F45A1952B560BCE00BE1C43 /* SceneDelegate.swift */,
				8F45A1972B560BCE00BE1C43 /* ViewController.swift */,
				8F45A1992B560BCE00BE1C43 /* Main.storyboard */,
				8F45A19C2B560BCF00BE1C43 /* Assets.xcassets */,
				8F45A19E2B560BCF00BE1C43 /* LaunchScreen.storyboard */,
				8F45A1A12B560BCF00BE1C43 /* Info.plist */,
			);
			path = CameraPhotoLibrary;
			sourceTree = "<group>";
		};
		8F45A1A92B560BCF00BE1C43 /* CameraPhotoLibraryTests */ = {
			isa = PBXGroup;
			children = (
				8F45A1AA2B560BCF00BE1C43 /* CameraPhotoLibraryTests.swift */,
			);
			path = CameraPhotoLibraryTests;
			sourceTree = "<group>";
		};
		8F45A1B32B560BCF00BE1C43 /* CameraPhotoLibraryUITests */ = {
			isa = PBXGroup;
			children = (
				8F45A1B42B560BCF00BE1C43 /* CameraPhotoLibraryUITests.swift */,
				8F45A1B62B560BCF00BE1C43 /* CameraPhotoLibraryUITestsLaunchTests.swift */,
			);
			path = CameraPhotoLibraryUITests;
			sourceTree = "<group>";
		};
/* End PBXGroup section */

/* Begin PBXNativeTarget section */
		8F45A18F2B560BCE00BE1C43 /* CameraPhotoLibrary */ = {
			isa = PBXNativeTarget;
			buildConfigurationList = 8F45A1BA2B560BCF00BE1C43 /* Build configuration list for PBXNativeTarget "CameraPhotoLibrary" */;
			buildPhases = (
				8F45A18C2B560BCE00BE1C43 /* Sources */,
				8F45A18D2B560BCE00BE1C43 /* Frameworks */,
				8F45A18E2B560BCE00BE1C43 /* Resources */,
			);
			buildRules = (
			);
			dependencies = (
			);
			name = CameraPhotoLibrary;
			productName = CameraPhotoLibrary;
			productReference = 8F45A1902B560BCE00BE1C43 /* CameraPhotoLibrary.app */;
			productType = "com.apple.product-type.application";
		};
		8F45A1A52B560BCF00BE1C43 /* CameraPhotoLibraryTests */ = {
			isa = PBXNativeTarget;
			buildConfigurationList = 8F45A1BD2B560BCF00BE1C43 /* Build configuration list for PBXNativeTarget "CameraPhotoLibraryTests" */;
			buildPhases = (
				8F45A1A22B560BCF00BE1C43 /* Sources */,
				8F45A1A32B560BCF00BE1C43 /* Frameworks */,
				8F45A1A42B560BCF00BE1C43 /* Resources */,
			);
			buildRules = (
			);
			dependencies = (
				8F45A1A82B560BCF00BE1C43 /* PBXTargetDependency */,
			);
			name = CameraPhotoLibraryTests;
			productName = CameraPhotoLibraryTests;
			productReference = 8F45A1A62B560BCF00BE1C43 /* CameraPhotoLibraryTests.xctest */;
			productType = "com.apple.product-type.bundle.unit-test";
		};
		8F45A1AF2B560BCF00BE1C43 /* CameraPhotoLibraryUITests */ = {
			isa = PBXNativeTarget;
			buildConfigurationList = 8F45A1C02B560BCF00BE1C43 /* Build configuration list for PBXNativeTarget "CameraPhotoLibraryUITests" */;
			buildPhases = (
				8F45A1AC2B560BCF00BE1C43 /* Sources */,
				8F45A1AD2B560BCF00BE1C43 /* Frameworks */,
				8F45A1AE2B560BCF00BE1C43 /* Resources */,
			);
			buildRules = (
			);
			dependencies = (
				8F45A1B22B560BCF00BE1C43 /* PBXTargetDependency */,
			);
			name = CameraPhotoLibraryUITests;
			productName = CameraPhotoLibraryUITests;
			productReference = 8F45A1B02B560BCF00BE1C43 /* CameraPhotoLibraryUITests.xctest */;
			productType = "com.apple.product-type.bundle.ui-testing";
		};
/* End PBXNativeTarget section */

/* Begin PBXProject section */
		8F45A1882B560BCE00BE1C43 /* Project object */ = {
			isa = PBXProject;
			attributes = {
				BuildIndependentTargetsInParallel = 1;
				LastSwiftUpdateCheck = 1420;
				LastUpgradeCheck = 1420;
				TargetAttributes = {
					8F45A18F2B560BCE00BE1C43 = {
						CreatedOnToolsVersion = 14.2;
					};
					8F45A1A52B560BCF00BE1C43 = {
						CreatedOnToolsVersion = 14.2;
						TestTargetID = 8F45A18F2B560BCE00BE1C43;
					};
					8F45A1AF2B560BCF00BE1C43 = {
						CreatedOnToolsVersion = 14.2;
						TestTargetID = 8F45A18F2B560BCE00BE1C43;
					};
				};
			};
			buildConfigurationList = 8F45A18B2B560BCE00BE1C43 /* Build configuration list for PBXProject "CameraPhotoLibrary" */;
			compatibilityVersion = "Xcode 14.0";
			developmentRegion = en;
			hasScannedForEncodings = 0;
			knownRegions = (
				en,
				Base,
			);
			mainGroup = 8F45A1872B560BCE00BE1C43;
			productRefGroup = 8F45A1912B560BCE00BE1C43 /* Products */;
			projectDirPath = "";
			projectRoot = "";
			targets = (
				8F45A18F2B560BCE00BE1C43 /* CameraPhotoLibrary */,
				8F45A1A52B560BCF00BE1C43 /* CameraPhotoLibraryTests */,
				8F45A1AF2B560BCF00BE1C43 /* CameraPhotoLibraryUITests */,
			);
		};
/* End PBXProject section */

/* Begin PBXResourcesBuildPhase section */
		8F45A18E2B560BCE00BE1C43 /* Resources */ = {
			isa = PBXResourcesBuildPhase;
			buildActionMask = 2147483647;
			files = (
				8F45A1A02B560BCF00BE1C43 /* LaunchScreen.storyboard in Resources */,
				8F45A19D2B560BCF00BE1C43 /* Assets.xcassets in Resources */,
				8F45A19B2B560BCE00BE1C43 /* Main.storyboard in Resources */,
			);
			runOnlyForDeploymentPostprocessing = 0;
		};
		8F45A1A42B560BCF00BE1C43 /* Resources */ = {
			isa = PBXResourcesBuildPhase;
			buildActionMask = 2147483647;
			files = (
			);
			runOnlyForDeploymentPostprocessing = 0;
		};
		8F45A1AE2B560BCF00BE1C43 /* Resources */ = {
			isa = PBXResourcesBuildPhase;
			buildActionMask = 2147483647;
			files = (
			);
			runOnlyForDeploymentPostprocessing = 0;
		};
/* End PBXResourcesBuildPhase section */

/* Begin PBXSourcesBuildPhase section */
		8F45A18C2B560BCE00BE1C43 /* Sources */ = {
			isa = PBXSourcesBuildPhase;
			buildActionMask = 2147483647;
			files = (
				8F45A1982B560BCE00BE1C43 /* ViewController.swift in Sources */,
				8F45A1942B560BCE00BE1C43 /* AppDelegate.swift in Sources */,
				8F45A1962B560BCE00BE1C43 /* SceneDelegate.swift in Sources */,
			);
			runOnlyForDeploymentPostprocessing = 0;
		};
		8F45A1A22B560BCF00BE1C43 /* Sources */ = {
			isa = PBXSourcesBuildPhase;
			buildActionMask = 2147483647;
			files = (
				8F45A1AB2B560BCF00BE1C43 /* CameraPhotoLibraryTests.swift in Sources */,
			);
			runOnlyForDeploymentPostprocessing = 0;
		};
		8F45A1AC2B560BCF00BE1C43 /* Sources */ = {
			isa = PBXSourcesBuildPhase;
			buildActionMask = 2147483647;
			files = (
				8F45A1B72B560BCF00BE1C43 /* CameraPhotoLibraryUITestsLaunchTests.swift in Sources */,
				8F45A1B52B560BCF00BE1C43 /* CameraPhotoLibraryUITests.swift in Sources */,
			);
			runOnlyForDeploymentPostprocessing = 0;
		};
/* End PBXSourcesBuildPhase section */

/* Begin PBXTargetDependency section */
		8F45A1A82B560BCF00BE1C43 /* PBXTargetDependency */ = {
			isa = PBXTargetDependency;
			target = 8F45A18F2B560BCE00BE1C43 /* CameraPhotoLibrary */;
			targetProxy = 8F45A1A72B560BCF00BE1C43 /* PBXContainerItemProxy */;
		};
		8F45A1B22B560BCF00BE1C43 /* PBXTargetDependency */ = {
			isa = PBXTargetDependency;
			target = 8F45A18F2B560BCE00BE1C43 /* CameraPhotoLibrary */;
			targetProxy = 8F45A1B12B560BCF00BE1C43 /* PBXContainerItemProxy */;
		};
/* End PBXTargetDependency section */

/* Begin PBXVariantGroup section */
		8F45A1992B560BCE00BE1C43 /* Main.storyboard */ = {
			isa = PBXVariantGroup;
			children = (
				8F45A19A2B560BCE00BE1C43 /* Base */,
			);
			name = Main.storyboard;
			sourceTree = "<group>";
		};
		8F45A19E2B560BCF00BE1C43 /* LaunchScreen.storyboard */ = {
			isa = PBXVariantGroup;
			children = (
				8F45A19F2B560BCF00BE1C43 /* Base */,
			);
			name = LaunchScreen.storyboard;
			sourceTree = "<group>";
		};
/* End PBXVariantGroup section */

/* Begin XCBuildConfiguration section */
		8F45A1B82B560BCF00BE1C43 /* Debug */ = {
			isa = XCBuildConfiguration;
			buildSettings = {
				ALWAYS_SEARCH_USER_PATHS = NO;
				CLANG_ANALYZER_NONNULL = YES;
				CLANG_ANALYZER_NUMBER_OBJECT_CONVERSION = YES_AGGRESSIVE;
				CLANG_CXX_LANGUAGE_STANDARD = "gnu++20";
				CLANG_ENABLE_MODULES = YES;
				CLANG_ENABLE_OBJC_ARC = YES;
				CLANG_ENABLE_OBJC_WEAK = YES;
				CLANG_WARN_BLOCK_CAPTURE_AUTORELEASING = YES;
				CLANG_WARN_BOOL_CONVERSION = YES;
				CLANG_WARN_COMMA = YES;
				CLANG_WARN_CONSTANT_CONVERSION = YES;
				CLANG_WARN_DEPRECATED_OBJC_IMPLEMENTATIONS = YES;
				CLANG_WARN_DIRECT_OBJC_ISA_USAGE = YES_ERROR;
				CLANG_WARN_DOCUMENTATION_COMMENTS = YES;
				CLANG_WARN_EMPTY_BODY = YES;
				CLANG_WARN_ENUM_CONVERSION = YES;
				CLANG_WARN_INFINITE_RECURSION = YES;
				CLANG_WARN_INT_CONVERSION = YES;
				CLANG_WARN_NON_LITERAL_NULL_CONVERSION = YES;
				CLANG_WARN_OBJC_IMPLICIT_RETAIN_SELF = YES;
				CLANG_WARN_OBJC_LITERAL_CONVERSION = YES;
				CLANG_WARN_OBJC_ROOT_CLASS = YES_ERROR;
				CLANG_WARN_QUOTED_INCLUDE_IN_FRAMEWORK_HEADER = YES;
				CLANG_WARN_RANGE_LOOP_ANALYSIS = YES;
				CLANG_WARN_STRICT_PROTOTYPES = YES;
				CLANG_WARN_SUSPICIOUS_MOVE = YES;
				CLANG_WARN_UNGUARDED_AVAILABILITY = YES_AGGRESSIVE;
				CLANG_WARN_UNREACHABLE_CODE = YES;
				CLANG_WARN__DUPLICATE_METHOD_MATCH = YES;
				COPY_PHASE_STRIP = NO;
				DEBUG_INFORMATION_FORMAT = dwarf;
				ENABLE_STRICT_OBJC_MSGSEND = YES;
				ENABLE_TESTABILITY = YES;
				GCC_C_LANGUAGE_STANDARD = gnu11;
				GCC_DYNAMIC_NO_PIC = NO;
				GCC_NO_COMMON_BLOCKS = YES;
				GCC_OPTIMIZATION_LEVEL = 0;
				GCC_PREPROCESSOR_DEFINITIONS = (
					"DEBUG=1",
					"$(inherited)",
				);
				GCC_WARN_64_TO_32_BIT_CONVERSION = YES;
				GCC_WARN_ABOUT_RETURN_TYPE = YES_ERROR;
				GCC_WARN_UNDECLARED_SELECTOR = YES;
				GCC_WARN_UNINITIALIZED_AUTOS = YES_AGGRESSIVE;
				GCC_WARN_UNUSED_FUNCTION = YES;
				GCC_WARN_UNUSED_VARIABLE = YES;
				IPHONEOS_DEPLOYMENT_TARGET = 16.2;
				MTL_ENABLE_DEBUG_INFO = INCLUDE_SOURCE;
				MTL_FAST_MATH = YES;
				ONLY_ACTIVE_ARCH = YES;
				SDKROOT = iphoneos;
				SWIFT_ACTIVE_COMPILATION_CONDITIONS = DEBUG;
				SWIFT_OPTIMIZATION_LEVEL = "-Onone";
			};
			name = Debug;
		};
		8F45A1B92B560BCF00BE1C43 /* Release */ = {
			isa = XCBuildConfiguration;
			buildSettings = {
				ALWAYS_SEARCH_USER_PATHS = NO;
				CLANG_ANALYZER_NONNULL = YES;
				CLANG_ANALYZER_NUMBER_OBJECT_CONVERSION = YES_AGGRESSIVE;
				CLANG_CXX_LANGUAGE_STANDARD = "gnu++20";
				CLANG_ENABLE_MODULES = YES;
				CLANG_ENABLE_OBJC_ARC = YES;
				CLANG_ENABLE_OBJC_WEAK = YES;
				CLANG_WARN_BLOCK_CAPTURE_AUTORELEASING = YES;
				CLANG_WARN_BOOL_CONVERSION = YES;
				CLANG_WARN_COMMA = YES;
				CLANG_WARN_CONSTANT_CONVERSION = YES;
				CLANG_WARN_DEPRECATED_OBJC_IMPLEMENTATIONS = YES;
				CLANG_WARN_DIRECT_OBJC_ISA_USAGE = YES_ERROR;
				CLANG_WARN_DOCUMENTATION_COMMENTS = YES;
				CLANG_WARN_EMPTY_BODY = YES;
				CLANG_WARN_ENUM_CONVERSION = YES;
				CLANG_WARN_INFINITE_RECURSION = YES;
				CLANG_WARN_INT_CONVERSION = YES;
				CLANG_WARN_NON_LITERAL_NULL_CONVERSION = YES;
				CLANG_WARN_OBJC_IMPLICIT_RETAIN_SELF = YES;
				CLANG_WARN_OBJC_LITERAL_CONVERSION = YES;
				CLANG_WARN_OBJC_ROOT_CLASS = YES_ERROR;
				CLANG_WARN_QUOTED_INCLUDE_IN_FRAMEWORK_HEADER = YES;
				CLANG_WARN_RANGE_LOOP_ANALYSIS = YES;
				CLANG_WARN_STRICT_PROTOTYPES = YES;
				CLANG_WARN_SUSPICIOUS_MOVE = YES;
				CLANG_WARN_UNGUARDED_AVAILABILITY = YES_AGGRESSIVE;
				CLANG_WARN_UNREACHABLE_CODE = YES;
				CLANG_WARN__DUPLICATE_METHOD_MATCH = YES;
				COPY_PHASE_STRIP = NO;
				DEBUG_INFORMATION_FORMAT = "dwarf-with-dsym";
				ENABLE_NS_ASSERTIONS = NO;
				ENABLE_STRICT_OBJC_MSGSEND = YES;
				GCC_C_LANGUAGE_STANDARD = gnu11;
				GCC_NO_COMMON_BLOCKS = YES;
				GCC_WARN_64_TO_32_BIT_CONVERSION = YES;
				GCC_WARN_ABOUT_RETURN_TYPE = YES_ERROR;
				GCC_WARN_UNDECLARED_SELECTOR = YES;
				GCC_WARN_UNINITIALIZED_AUTOS = YES_AGGRESSIVE;
				GCC_WARN_UNUSED_FUNCTION = YES;
				GCC_WARN_UNUSED_VARIABLE = YES;
				IPHONEOS_DEPLOYMENT_TARGET = 16.2;
				MTL_ENABLE_DEBUG_INFO = NO;
				MTL_FAST_MATH = YES;
				SDKROOT = iphoneos;
				SWIFT_COMPILATION_MODE = wholemodule;
				SWIFT_OPTIMIZATION_LEVEL = "-O";
				VALIDATE_PRODUCT = YES;
			};
			name = Release;
		};
		8F45A1BB2B560BCF00BE1C43 /* Debug */ = {
			isa = XCBuildConfiguration;
			buildSettings = {
				ASSETCATALOG_COMPILER_APPICON_NAME = AppIcon;
				ASSETCATALOG_COMPILER_GLOBAL_ACCENT_COLOR_NAME = AccentColor;
				CODE_SIGN_STYLE = Manual;
				CURRENT_PROJECT_VERSION = 1;
				DEVELOPMENT_TEAM = "";
				GENERATE_INFOPLIST_FILE = YES;
				INFOPLIST_FILE = CameraPhotoLibrary/Info.plist;
				INFOPLIST_KEY_UIApplicationSupportsIndirectInputEvents = YES;
				INFOPLIST_KEY_UILaunchStoryboardName = LaunchScreen;
				INFOPLIST_KEY_UIMainStoryboardFile = Main;
				INFOPLIST_KEY_UISupportedInterfaceOrientations_iPad = "UIInterfaceOrientationPortrait UIInterfaceOrientationPortraitUpsideDown UIInterfaceOrientationLandscapeLeft UIInterfaceOrientationLandscapeRight";
				INFOPLIST_KEY_UISupportedInterfaceOrientations_iPhone = "UIInterfaceOrientationPortrait UIInterfaceOrientationLandscapeLeft UIInterfaceOrientationLandscapeRight";
				LD_RUNPATH_SEARCH_PATHS = (
					"$(inherited)",
					"@executable_path/Frameworks",
				);
				MARKETING_VERSION = 1.0;
				PRODUCT_BUNDLE_IDENTIFIER = soyoung.CameraPhotoLibrary;
				PRODUCT_NAME = "$(TARGET_NAME)";
				PROVISIONING_PROFILE_SPECIFIER = "";
				SWIFT_EMIT_LOC_STRINGS = YES;
				SWIFT_VERSION = 5.0;
				TARGETED_DEVICE_FAMILY = "1,2";
			};
			name = Debug;
		};
		8F45A1BC2B560BCF00BE1C43 /* Release */ = {
			isa = XCBuildConfiguration;
			buildSettings = {
				ASSETCATALOG_COMPILER_APPICON_NAME = AppIcon;
				ASSETCATALOG_COMPILER_GLOBAL_ACCENT_COLOR_NAME = AccentColor;
				CODE_SIGN_STYLE = Manual;
				CURRENT_PROJECT_VERSION = 1;
				DEVELOPMENT_TEAM = "";
				GENERATE_INFOPLIST_FILE = YES;
				INFOPLIST_FILE = CameraPhotoLibrary/Info.plist;
				INFOPLIST_KEY_UIApplicationSupportsIndirectInputEvents = YES;
				INFOPLIST_KEY_UILaunchStoryboardName = LaunchScreen;
				INFOPLIST_KEY_UIMainStoryboardFile = Main;
				INFOPLIST_KEY_UISupportedInterfaceOrientations_iPad = "UIInterfaceOrientationPortrait UIInterfaceOrientationPortraitUpsideDown UIInterfaceOrientationLandscapeLeft UIInterfaceOrientationLandscapeRight";
				INFOPLIST_KEY_UISupportedInterfaceOrientations_iPhone = "UIInterfaceOrientationPortrait UIInterfaceOrientationLandscapeLeft UIInterfaceOrientationLandscapeRight";
				LD_RUNPATH_SEARCH_PATHS = (
					"$(inherited)",
					"@executable_path/Frameworks",
				);
				MARKETING_VERSION = 1.0;
				PRODUCT_BUNDLE_IDENTIFIER = soyoung.CameraPhotoLibrary;
				PRODUCT_NAME = "$(TARGET_NAME)";
				PROVISIONING_PROFILE_SPECIFIER = "";
				SWIFT_EMIT_LOC_STRINGS = YES;
				SWIFT_VERSION = 5.0;
				TARGETED_DEVICE_FAMILY = "1,2";
			};
			name = Release;
		};
		8F45A1BE2B560BCF00BE1C43 /* Debug */ = {
			isa = XCBuildConfiguration;
			buildSettings = {
				ALWAYS_EMBED_SWIFT_STANDARD_LIBRARIES = YES;
				BUNDLE_LOADER = "$(TEST_HOST)";
				CODE_SIGN_STYLE = Automatic;
				CURRENT_PROJECT_VERSION = 1;
				GENERATE_INFOPLIST_FILE = YES;
				IPHONEOS_DEPLOYMENT_TARGET = 16.2;
				MARKETING_VERSION = 1.0;
				PRODUCT_BUNDLE_IDENTIFIER = soyoung.CameraPhotoLibraryTests;
				PRODUCT_NAME = "$(TARGET_NAME)";
				SWIFT_EMIT_LOC_STRINGS = NO;
				SWIFT_VERSION = 5.0;
				TARGETED_DEVICE_FAMILY = "1,2";
				TEST_HOST = "$(BUILT_PRODUCTS_DIR)/CameraPhotoLibrary.app/$(BUNDLE_EXECUTABLE_FOLDER_PATH)/CameraPhotoLibrary";
			};
			name = Debug;
		};
		8F45A1BF2B560BCF00BE1C43 /* Release */ = {
			isa = XCBuildConfiguration;
			buildSettings = {
				ALWAYS_EMBED_SWIFT_STANDARD_LIBRARIES = YES;
				BUNDLE_LOADER = "$(TEST_HOST)";
				CODE_SIGN_STYLE = Automatic;
				CURRENT_PROJECT_VERSION = 1;
				GENERATE_INFOPLIST_FILE = YES;
				IPHONEOS_DEPLOYMENT_TARGET = 16.2;
				MARKETING_VERSION = 1.0;
				PRODUCT_BUNDLE_IDENTIFIER = soyoung.CameraPhotoLibraryTests;
				PRODUCT_NAME = "$(TARGET_NAME)";
				SWIFT_EMIT_LOC_STRINGS = NO;
				SWIFT_VERSION = 5.0;
				TARGETED_DEVICE_FAMILY = "1,2";
				TEST_HOST = "$(BUILT_PRODUCTS_DIR)/CameraPhotoLibrary.app/$(BUNDLE_EXECUTABLE_FOLDER_PATH)/CameraPhotoLibrary";
			};
			name = Release;
		};
		8F45A1C12B560BCF00BE1C43 /* Debug */ = {
			isa = XCBuildConfiguration;
			buildSettings = {
				ALWAYS_EMBED_SWIFT_STANDARD_LIBRARIES = YES;
				CODE_SIGN_STYLE = Automatic;
				CURRENT_PROJECT_VERSION = 1;
				GENERATE_INFOPLIST_FILE = YES;
				MARKETING_VERSION = 1.0;
				PRODUCT_BUNDLE_IDENTIFIER = soyoung.CameraPhotoLibraryUITests;
				PRODUCT_NAME = "$(TARGET_NAME)";
				SWIFT_EMIT_LOC_STRINGS = NO;
				SWIFT_VERSION = 5.0;
				TARGETED_DEVICE_FAMILY = "1,2";
				TEST_TARGET_NAME = CameraPhotoLibrary;
			};
			name = Debug;
		};
		8F45A1C22B560BCF00BE1C43 /* Release */ = {
			isa = XCBuildConfiguration;
			buildSettings = {
				ALWAYS_EMBED_SWIFT_STANDARD_LIBRARIES = YES;
				CODE_SIGN_STYLE = Automatic;
				CURRENT_PROJECT_VERSION = 1;
				GENERATE_INFOPLIST_FILE = YES;
				MARKETING_VERSION = 1.0;
				PRODUCT_BUNDLE_IDENTIFIER = soyoung.CameraPhotoLibraryUITests;
				PRODUCT_NAME = "$(TARGET_NAME)";
				SWIFT_EMIT_LOC_STRINGS = NO;
				SWIFT_VERSION = 5.0;
				TARGETED_DEVICE_FAMILY = "1,2";
				TEST_TARGET_NAME = CameraPhotoLibrary;
			};
			name = Release;
		};
/* End XCBuildConfiguration section */

/* Begin XCConfigurationList section */
		8F45A18B2B560BCE00BE1C43 /* Build configuration list for PBXProject "CameraPhotoLibrary" */ = {
			isa = XCConfigurationList;
			buildConfigurations = (
				8F45A1B82B560BCF00BE1C43 /* Debug */,
				8F45A1B92B560BCF00BE1C43 /* Release */,
			);
			defaultConfigurationIsVisible = 0;
			defaultConfigurationName = Release;
		};
		8F45A1BA2B560BCF00BE1C43 /* Build configuration list for PBXNativeTarget "CameraPhotoLibrary" */ = {
			isa = XCConfigurationList;
			buildConfigurations = (
				8F45A1BB2B560BCF00BE1C43 /* Debug */,
				8F45A1BC2B560BCF00BE1C43 /* Release */,
			);
			defaultConfigurationIsVisible = 0;
			defaultConfigurationName = Release;
		};
		8F45A1BD2B560BCF00BE1C43 /* Build configuration list for PBXNativeTarget "CameraPhotoLibraryTests" */ = {
			isa = XCConfigurationList;
			buildConfigurations = (
				8F45A1BE2B560BCF00BE1C43 /* Debug */,
				8F45A1BF2B560BCF00BE1C43 /* Release */,
			);
			defaultConfigurationIsVisible = 0;
			defaultConfigurationName = Release;
		};
		8F45A1C02B560BCF00BE1C43 /* Build configuration list for PBXNativeTarget "CameraPhotoLibraryUITests" */ = {
			isa = XCConfigurationList;
			buildConfigurations = (
				8F45A1C12B560BCF00BE1C43 /* Debug */,
				8F45A1C22B560BCF00BE1C43 /* Release */,
			);
			defaultConfigurationIsVisible = 0;
			defaultConfigurationName = Release;
		};
/* End XCConfigurationList section */
	};
	rootObject = 8F45A1882B560BCE00BE1C43 /* Project object */;
}
